// !$*UTF8*$!
{
	archiveVersion = 1;
	classes = {
	};
	objectVersion = 77;
	objects = {

/* Begin PBXBuildFile section */
		B06CD53D2D2C9EE600DC4D16 /* ContentView.swift in Sources */ = {isa = PBXBuildFile; fileRef = B06CD53A2D2C9EE600DC4D16 /* ContentView.swift */; };
		B06CD53E2D2C9EE600DC4D16 /* FeedMeApp.swift in Sources */ = {isa = PBXBuildFile; fileRef = B06CD53B2D2C9EE600DC4D16 /* FeedMeApp.swift */; };
		B06CD53F2D2C9EE600DC4D16 /* Preview Assets.xcassets in Resources */ = {isa = PBXBuildFile; fileRef = B06CD5372D2C9EE600DC4D16 /* Preview Assets.xcassets */; };
		B06CD5402D2C9EE600DC4D16 /* Assets.xcassets in Resources */ = {isa = PBXBuildFile; fileRef = B06CD5392D2C9EE600DC4D16 /* Assets.xcassets */; };
		B06CD5432D2C9F9100DC4D16 /* YelpAPI.swift in Sources */ = {isa = PBXBuildFile; fileRef = B06CD5422D2C9F9100DC4D16 /* YelpAPI.swift */; };
		B06CD5582D2CA3A600DC4D16 /* Business.swift in Sources */ = {isa = PBXBuildFile; fileRef = B06CD5572D2CA3A600DC4D16 /* Business.swift */; };
		B06CD5742D2CCB7400DC4D16 /* YelpDataProvider.swift in Sources */ = {isa = PBXBuildFile; fileRef = B06CD5732D2CCB6600DC4D16 /* YelpDataProvider.swift */; };
		B06CD5762D2CCBC400DC4D16 /* YelpMockAPI.swift in Sources */ = {isa = PBXBuildFile; fileRef = B06CD5752D2CCBB700DC4D16 /* YelpMockAPI.swift */; };
		B06CD5892D2CD59200DC4D16 /* BusinessSearchMock.json in Resources */ = {isa = PBXBuildFile; fileRef = B06CD5882D2CD56D00DC4D16 /* BusinessSearchMock.json */; };
		B06CD58B2D2CDAB300DC4D16 /* BusinessSearchResponse.swift in Sources */ = {isa = PBXBuildFile; fileRef = B06CD58A2D2CDAA400DC4D16 /* BusinessSearchResponse.swift */; };
		B06CD58D2D2CDE9700DC4D16 /* Category.swift in Sources */ = {isa = PBXBuildFile; fileRef = B06CD58C2D2CDE9100DC4D16 /* Category.swift */; };
		B06CD58F2D2CDECE00DC4D16 /* Coordinates.swift in Sources */ = {isa = PBXBuildFile; fileRef = B06CD58E2D2CDEC800DC4D16 /* Coordinates.swift */; };
		B06CD5912D2CDF0700DC4D16 /* Location.swift in Sources */ = {isa = PBXBuildFile; fileRef = B06CD5902D2CDEFB00DC4D16 /* Location.swift */; };
		B06CD5932D2CDF6100DC4D16 /* BusinessHours.swift in Sources */ = {isa = PBXBuildFile; fileRef = B06CD5922D2CDF5B00DC4D16 /* BusinessHours.swift */; };
		B06CD5952D2CDF7E00DC4D16 /* OpenHours.swift in Sources */ = {isa = PBXBuildFile; fileRef = B06CD5942D2CDF7700DC4D16 /* OpenHours.swift */; };
		B06CD5972D2CDFB300DC4D16 /* Attributes.swift in Sources */ = {isa = PBXBuildFile; fileRef = B06CD5962D2CDFAD00DC4D16 /* Attributes.swift */; };
		B06CD5992D2CE1BB00DC4D16 /* Region.swift in Sources */ = {isa = PBXBuildFile; fileRef = B06CD5982D2CE1B200DC4D16 /* Region.swift */; };
		B06CD59E2D2D725000DC4D16 /* RestaurantsViewModel.swift in Sources */ = {isa = PBXBuildFile; fileRef = B06CD59D2D2D71E600DC4D16 /* RestaurantsViewModel.swift */; };
		B06CD5A62D2FF37C00DC4D16 /* Router.swift in Sources */ = {isa = PBXBuildFile; fileRef = B06CD5A52D2FF37600DC4D16 /* Router.swift */; };
		B06CD5B92D2FF77500DC4D16 /* RestaurantListView.swift in Sources */ = {isa = PBXBuildFile; fileRef = B06CD5B82D2FF76300DC4D16 /* RestaurantListView.swift */; };
		B06CD5BB2D2FF90C00DC4D16 /* RestaurantDetailView.swift in Sources */ = {isa = PBXBuildFile; fileRef = B06CD5BA2D2FF8FD00DC4D16 /* RestaurantDetailView.swift */; };
		B06CD5BF2D30005700DC4D16 /* RestaurantCellView.swift in Sources */ = {isa = PBXBuildFile; fileRef = B06CD5BE2D30004C00DC4D16 /* RestaurantCellView.swift */; };
		B06CD5C22D3066F500DC4D16 /* RatingView.swift in Sources */ = {isa = PBXBuildFile; fileRef = B06CD5C12D3066EB00DC4D16 /* RatingView.swift */; };
		B06CD5C42D30672A00DC4D16 /* DistanceView.swift in Sources */ = {isa = PBXBuildFile; fileRef = B06CD5C32D30672500DC4D16 /* DistanceView.swift */; };
		B06CD5C62D30677600DC4D16 /* PoweredByYelpView.swift in Sources */ = {isa = PBXBuildFile; fileRef = B06CD5C52D30675B00DC4D16 /* PoweredByYelpView.swift */; };
		B06CD5CC2D306E2B00DC4D16 /* PlaceholderImageView.swift in Sources */ = {isa = PBXBuildFile; fileRef = B06CD5CB2D306E1E00DC4D16 /* PlaceholderImageView.swift */; };
		B06CD5CE2D3072D500DC4D16 /* StarRatingView.swift in Sources */ = {isa = PBXBuildFile; fileRef = B06CD5CD2D3072C300DC4D16 /* StarRatingView.swift */; };
		B06CD5D02D309A9600DC4D16 /* DetailCellView.swift in Sources */ = {isa = PBXBuildFile; fileRef = B06CD5CF2D309A8E00DC4D16 /* DetailCellView.swift */; };
		B06CD5D22D30A05A00DC4D16 /* DetailHeaderView.swift in Sources */ = {isa = PBXBuildFile; fileRef = B06CD5D12D30A05000DC4D16 /* DetailHeaderView.swift */; };
		B06CD5D42D30A1A800DC4D16 /* ShapeStyles.swift in Sources */ = {isa = PBXBuildFile; fileRef = B06CD5D32D30A19A00DC4D16 /* ShapeStyles.swift */; };
		B06CD5DC2D30BC3D00DC4D16 /* LocationManager.swift in Sources */ = {isa = PBXBuildFile; fileRef = B06CD5DB2D30BC3100DC4D16 /* LocationManager.swift */; };
		B06CD5E02D31310300DC4D16 /* SortOptionsPicker.swift in Sources */ = {isa = PBXBuildFile; fileRef = B06CD5DF2D3130F800DC4D16 /* SortOptionsPicker.swift */; };
		B06CD5E22D315D3A00DC4D16 /* Localizable.xcstrings in Resources */ = {isa = PBXBuildFile; fileRef = B06CD5E12D315D3A00DC4D16 /* Localizable.xcstrings */; };
		B09AE9562D319A77005054C3 /* DoubleExtension.swift in Sources */ = {isa = PBXBuildFile; fileRef = B09AE9552D319A6A005054C3 /* DoubleExtension.swift */; };
		B0D57DB22D31CCC400E59CE9 /* PrintOverride.swift in Sources */ = {isa = PBXBuildFile; fileRef = B0D57DB12D31CCBB00E59CE9 /* PrintOverride.swift */; };
		B0D57DB42D31CD2200E59CE9 /* Decoder.swift in Sources */ = {isa = PBXBuildFile; fileRef = B0D57DB32D31CD1100E59CE9 /* Decoder.swift */; };
		B0D57DCE2D31EB8900E59CE9 /* ImageCache.swift in Sources */ = {isa = PBXBuildFile; fileRef = B0D57DCD2D31EB8100E59CE9 /* ImageCache.swift */; };
		B0D57DD02D31F9DF00E59CE9 /* AsyncImageView.swift in Sources */ = {isa = PBXBuildFile; fileRef = B0D57DCF2D31F9D800E59CE9 /* AsyncImageView.swift */; };
		B0D57DDA2D34393600E59CE9 /* SearchField.swift in Sources */ = {isa = PBXBuildFile; fileRef = B0D57DD92D34392E00E59CE9 /* SearchField.swift */; };
		B0D57DDC2D346BB200E59CE9 /* SectionHeader.swift in Sources */ = {isa = PBXBuildFile; fileRef = B0D57DDB2D346BB200E59CE9 /* SectionHeader.swift */; };
		B0D57DDE2D346D0400E59CE9 /* ListPlaceholderView.swift in Sources */ = {isa = PBXBuildFile; fileRef = B0D57DDD2D346CDB00E59CE9 /* ListPlaceholderView.swift */; };
		B0D57DE02D34825700E59CE9 /* DetailListView.swift in Sources */ = {isa = PBXBuildFile; fileRef = B0D57DDF2D34825700E59CE9 /* DetailListView.swift */; };
		B0D57DE22D34950A00E59CE9 /* LoadingView.swift in Sources */ = {isa = PBXBuildFile; fileRef = B0D57DE12D34950A00E59CE9 /* LoadingView.swift */; };
/* End PBXBuildFile section */

/* Begin PBXContainerItemProxy section */
		B06CD51B2D2C9E7200DC4D16 /* PBXContainerItemProxy */ = {
			isa = PBXContainerItemProxy;
			containerPortal = B06CD5022D2C9E6F00DC4D16 /* Project object */;
			proxyType = 1;
			remoteGlobalIDString = B06CD5092D2C9E6F00DC4D16;
			remoteInfo = FeedMe;
		};
/* End PBXContainerItemProxy section */

/* Begin PBXFileReference section */
		B06CD50A2D2C9E6F00DC4D16 /* FeedMe.app */ = {isa = PBXFileReference; explicitFileType = wrapper.application; includeInIndex = 0; path = FeedMe.app; sourceTree = BUILT_PRODUCTS_DIR; };
		B06CD51A2D2C9E7200DC4D16 /* FeedMeTests.xctest */ = {isa = PBXFileReference; explicitFileType = wrapper.cfbundle; includeInIndex = 0; path = FeedMeTests.xctest; sourceTree = BUILT_PRODUCTS_DIR; };
		B06CD5372D2C9EE600DC4D16 /* Preview Assets.xcassets */ = {isa = PBXFileReference; lastKnownFileType = folder.assetcatalog; path = "Preview Assets.xcassets"; sourceTree = "<group>"; };
		B06CD5392D2C9EE600DC4D16 /* Assets.xcassets */ = {isa = PBXFileReference; lastKnownFileType = folder.assetcatalog; path = Assets.xcassets; sourceTree = "<group>"; };
		B06CD53A2D2C9EE600DC4D16 /* ContentView.swift */ = {isa = PBXFileReference; lastKnownFileType = sourcecode.swift; path = ContentView.swift; sourceTree = "<group>"; };
		B06CD53B2D2C9EE600DC4D16 /* FeedMeApp.swift */ = {isa = PBXFileReference; lastKnownFileType = sourcecode.swift; path = FeedMeApp.swift; sourceTree = "<group>"; };
		B06CD5422D2C9F9100DC4D16 /* YelpAPI.swift */ = {isa = PBXFileReference; lastKnownFileType = sourcecode.swift; path = YelpAPI.swift; sourceTree = "<group>"; };
		B06CD5572D2CA3A600DC4D16 /* Business.swift */ = {isa = PBXFileReference; lastKnownFileType = sourcecode.swift; path = Business.swift; sourceTree = "<group>"; };
		B06CD5732D2CCB6600DC4D16 /* YelpDataProvider.swift */ = {isa = PBXFileReference; lastKnownFileType = sourcecode.swift; path = YelpDataProvider.swift; sourceTree = "<group>"; };
		B06CD5752D2CCBB700DC4D16 /* YelpMockAPI.swift */ = {isa = PBXFileReference; lastKnownFileType = sourcecode.swift; path = YelpMockAPI.swift; sourceTree = "<group>"; };
		B06CD5882D2CD56D00DC4D16 /* BusinessSearchMock.json */ = {isa = PBXFileReference; lastKnownFileType = text.json; path = BusinessSearchMock.json; sourceTree = "<group>"; };
		B06CD58A2D2CDAA400DC4D16 /* BusinessSearchResponse.swift */ = {isa = PBXFileReference; lastKnownFileType = sourcecode.swift; path = BusinessSearchResponse.swift; sourceTree = "<group>"; };
		B06CD58C2D2CDE9100DC4D16 /* Category.swift */ = {isa = PBXFileReference; lastKnownFileType = sourcecode.swift; path = Category.swift; sourceTree = "<group>"; };
		B06CD58E2D2CDEC800DC4D16 /* Coordinates.swift */ = {isa = PBXFileReference; lastKnownFileType = sourcecode.swift; path = Coordinates.swift; sourceTree = "<group>"; };
		B06CD5902D2CDEFB00DC4D16 /* Location.swift */ = {isa = PBXFileReference; lastKnownFileType = sourcecode.swift; path = Location.swift; sourceTree = "<group>"; };
		B06CD5922D2CDF5B00DC4D16 /* BusinessHours.swift */ = {isa = PBXFileReference; lastKnownFileType = sourcecode.swift; path = BusinessHours.swift; sourceTree = "<group>"; };
		B06CD5942D2CDF7700DC4D16 /* OpenHours.swift */ = {isa = PBXFileReference; lastKnownFileType = sourcecode.swift; path = OpenHours.swift; sourceTree = "<group>"; };
		B06CD5962D2CDFAD00DC4D16 /* Attributes.swift */ = {isa = PBXFileReference; lastKnownFileType = sourcecode.swift; path = Attributes.swift; sourceTree = "<group>"; };
		B06CD5982D2CE1B200DC4D16 /* Region.swift */ = {isa = PBXFileReference; lastKnownFileType = sourcecode.swift; path = Region.swift; sourceTree = "<group>"; };
		B06CD59D2D2D71E600DC4D16 /* RestaurantsViewModel.swift */ = {isa = PBXFileReference; lastKnownFileType = sourcecode.swift; path = RestaurantsViewModel.swift; sourceTree = "<group>"; };
		B06CD5A52D2FF37600DC4D16 /* Router.swift */ = {isa = PBXFileReference; lastKnownFileType = sourcecode.swift; path = Router.swift; sourceTree = "<group>"; };
		B06CD5B82D2FF76300DC4D16 /* RestaurantListView.swift */ = {isa = PBXFileReference; lastKnownFileType = sourcecode.swift; path = RestaurantListView.swift; sourceTree = "<group>"; };
		B06CD5BA2D2FF8FD00DC4D16 /* RestaurantDetailView.swift */ = {isa = PBXFileReference; lastKnownFileType = sourcecode.swift; path = RestaurantDetailView.swift; sourceTree = "<group>"; };
		B06CD5BE2D30004C00DC4D16 /* RestaurantCellView.swift */ = {isa = PBXFileReference; lastKnownFileType = sourcecode.swift; path = RestaurantCellView.swift; sourceTree = "<group>"; };
		B06CD5C12D3066EB00DC4D16 /* RatingView.swift */ = {isa = PBXFileReference; lastKnownFileType = sourcecode.swift; path = RatingView.swift; sourceTree = "<group>"; };
		B06CD5C32D30672500DC4D16 /* DistanceView.swift */ = {isa = PBXFileReference; lastKnownFileType = sourcecode.swift; path = DistanceView.swift; sourceTree = "<group>"; };
		B06CD5C52D30675B00DC4D16 /* PoweredByYelpView.swift */ = {isa = PBXFileReference; lastKnownFileType = sourcecode.swift; path = PoweredByYelpView.swift; sourceTree = "<group>"; };
		B06CD5CB2D306E1E00DC4D16 /* PlaceholderImageView.swift */ = {isa = PBXFileReference; lastKnownFileType = sourcecode.swift; path = PlaceholderImageView.swift; sourceTree = "<group>"; };
		B06CD5CD2D3072C300DC4D16 /* StarRatingView.swift */ = {isa = PBXFileReference; lastKnownFileType = sourcecode.swift; path = StarRatingView.swift; sourceTree = "<group>"; };
		B06CD5CF2D309A8E00DC4D16 /* DetailCellView.swift */ = {isa = PBXFileReference; lastKnownFileType = sourcecode.swift; path = DetailCellView.swift; sourceTree = "<group>"; };
		B06CD5D12D30A05000DC4D16 /* DetailHeaderView.swift */ = {isa = PBXFileReference; lastKnownFileType = sourcecode.swift; path = DetailHeaderView.swift; sourceTree = "<group>"; };
		B06CD5D32D30A19A00DC4D16 /* ShapeStyles.swift */ = {isa = PBXFileReference; lastKnownFileType = sourcecode.swift; path = ShapeStyles.swift; sourceTree = "<group>"; };
		B06CD5DB2D30BC3100DC4D16 /* LocationManager.swift */ = {isa = PBXFileReference; lastKnownFileType = sourcecode.swift; path = LocationManager.swift; sourceTree = "<group>"; };
		B06CD5DF2D3130F800DC4D16 /* SortOptionsPicker.swift */ = {isa = PBXFileReference; lastKnownFileType = sourcecode.swift; path = SortOptionsPicker.swift; sourceTree = "<group>"; };
		B06CD5E12D315D3A00DC4D16 /* Localizable.xcstrings */ = {isa = PBXFileReference; lastKnownFileType = text.json.xcstrings; path = Localizable.xcstrings; sourceTree = "<group>"; };
		B09AE9552D319A6A005054C3 /* DoubleExtension.swift */ = {isa = PBXFileReference; lastKnownFileType = sourcecode.swift; path = DoubleExtension.swift; sourceTree = "<group>"; };
		B0D57DB12D31CCBB00E59CE9 /* PrintOverride.swift */ = {isa = PBXFileReference; lastKnownFileType = sourcecode.swift; path = PrintOverride.swift; sourceTree = "<group>"; };
		B0D57DB32D31CD1100E59CE9 /* Decoder.swift */ = {isa = PBXFileReference; lastKnownFileType = sourcecode.swift; path = Decoder.swift; sourceTree = "<group>"; };
		B0D57DCD2D31EB8100E59CE9 /* ImageCache.swift */ = {isa = PBXFileReference; lastKnownFileType = sourcecode.swift; path = ImageCache.swift; sourceTree = "<group>"; };
		B0D57DCF2D31F9D800E59CE9 /* AsyncImageView.swift */ = {isa = PBXFileReference; lastKnownFileType = sourcecode.swift; path = AsyncImageView.swift; sourceTree = "<group>"; };
		B0D57DD92D34392E00E59CE9 /* SearchField.swift */ = {isa = PBXFileReference; lastKnownFileType = sourcecode.swift; path = SearchField.swift; sourceTree = "<group>"; };
		B0D57DDB2D346BB200E59CE9 /* SectionHeader.swift */ = {isa = PBXFileReference; lastKnownFileType = sourcecode.swift; path = SectionHeader.swift; sourceTree = "<group>"; };
		B0D57DDD2D346CDB00E59CE9 /* ListPlaceholderView.swift */ = {isa = PBXFileReference; lastKnownFileType = sourcecode.swift; path = ListPlaceholderView.swift; sourceTree = "<group>"; };
		B0D57DDF2D34825700E59CE9 /* DetailListView.swift */ = {isa = PBXFileReference; lastKnownFileType = sourcecode.swift; path = DetailListView.swift; sourceTree = "<group>"; };
		B0D57DE12D34950A00E59CE9 /* LoadingView.swift */ = {isa = PBXFileReference; lastKnownFileType = sourcecode.swift; path = LoadingView.swift; sourceTree = "<group>"; };
/* End PBXFileReference section */

/* Begin PBXFileSystemSynchronizedRootGroup section */
		B06CD51D2D2C9E7200DC4D16 /* FeedMeTests */ = {
			isa = PBXFileSystemSynchronizedRootGroup;
			path = FeedMeTests;
			sourceTree = "<group>";
		};
/* End PBXFileSystemSynchronizedRootGroup section */

/* Begin PBXFrameworksBuildPhase section */
		B06CD5072D2C9E6F00DC4D16 /* Frameworks */ = {
			isa = PBXFrameworksBuildPhase;
			buildActionMask = 2147483647;
			files = (
			);
			runOnlyForDeploymentPostprocessing = 0;
		};
		B06CD5172D2C9E7200DC4D16 /* Frameworks */ = {
			isa = PBXFrameworksBuildPhase;
			buildActionMask = 2147483647;
			files = (
			);
			runOnlyForDeploymentPostprocessing = 0;
		};
/* End PBXFrameworksBuildPhase section */

/* Begin PBXGroup section */
		B06CD5012D2C9E6F00DC4D16 = {
			isa = PBXGroup;
			children = (
				B06CD53C2D2C9EE600DC4D16 /* FeedMe */,
				B06CD51D2D2C9E7200DC4D16 /* FeedMeTests */,
				B06CD50B2D2C9E6F00DC4D16 /* Products */,
			);
			sourceTree = "<group>";
		};
		B06CD50B2D2C9E6F00DC4D16 /* Products */ = {
			isa = PBXGroup;
			children = (
				B06CD50A2D2C9E6F00DC4D16 /* FeedMe.app */,
				B06CD51A2D2C9E7200DC4D16 /* FeedMeTests.xctest */,
			);
			name = Products;
			sourceTree = "<group>";
		};
		B06CD5382D2C9EE600DC4D16 /* Preview Content */ = {
			isa = PBXGroup;
			children = (
				B06CD5372D2C9EE600DC4D16 /* Preview Assets.xcassets */,
			);
			path = "Preview Content";
			sourceTree = "<group>";
		};
		B06CD53C2D2C9EE600DC4D16 /* FeedMe */ = {
			isa = PBXGroup;
			children = (
				B06CD53B2D2C9EE600DC4D16 /* FeedMeApp.swift */,
				B06CD5C92D306C7D00DC4D16 /* UI */,
				B06CD5D92D30B44D00DC4D16 /* Logic */,
				B06CD5382D2C9EE600DC4D16 /* Preview Content */,
				B06CD5392D2C9EE600DC4D16 /* Assets.xcassets */,
				B06CD5E12D315D3A00DC4D16 /* Localizable.xcstrings */,
			);
			path = FeedMe;
			sourceTree = "<group>";
		};
		B06CD5412D2C9EFD00DC4D16 /* API */ = {
			isa = PBXGroup;
			children = (
				B06CD5732D2CCB6600DC4D16 /* YelpDataProvider.swift */,
				B06CD5422D2C9F9100DC4D16 /* YelpAPI.swift */,
				B06CD5752D2CCBB700DC4D16 /* YelpMockAPI.swift */,
				B0D57DB32D31CD1100E59CE9 /* Decoder.swift */,
				B06CD59C2D2D5D4A00DC4D16 /* Mock Data */,
			);
			path = API;
			sourceTree = "<group>";
		};
		B06CD5442D2C9FCC00DC4D16 /* Views */ = {
			isa = PBXGroup;
			children = (
				B06CD53A2D2C9EE600DC4D16 /* ContentView.swift */,
				B06CD5C72D30686500DC4D16 /* RestaurantList */,
				B06CD5C82D30688900DC4D16 /* RestaurantDetail */,
				B06CD5C02D3066D300DC4D16 /* Shared */,
			);
			path = Views;
			sourceTree = "<group>";
		};
		B06CD5562D2CA2D200DC4D16 /* Models */ = {
			isa = PBXGroup;
			children = (
				B06CD58A2D2CDAA400DC4D16 /* BusinessSearchResponse.swift */,
				B06CD5572D2CA3A600DC4D16 /* Business.swift */,
				B06CD58C2D2CDE9100DC4D16 /* Category.swift */,
				B06CD58E2D2CDEC800DC4D16 /* Coordinates.swift */,
				B06CD5902D2CDEFB00DC4D16 /* Location.swift */,
				B06CD5922D2CDF5B00DC4D16 /* BusinessHours.swift */,
				B06CD5942D2CDF7700DC4D16 /* OpenHours.swift */,
				B06CD5962D2CDFAD00DC4D16 /* Attributes.swift */,
				B06CD5982D2CE1B200DC4D16 /* Region.swift */,
			);
			path = Models;
			sourceTree = "<group>";
		};
		B06CD59C2D2D5D4A00DC4D16 /* Mock Data */ = {
			isa = PBXGroup;
			children = (
				B06CD5882D2CD56D00DC4D16 /* BusinessSearchMock.json */,
			);
			path = "Mock Data";
			sourceTree = "<group>";
		};
		B06CD5C02D3066D300DC4D16 /* Shared */ = {
			isa = PBXGroup;
			children = (
				B0D57DDB2D346BB200E59CE9 /* SectionHeader.swift */,
				B0D57DD92D34392E00E59CE9 /* SearchField.swift */,
				B0D57DCF2D31F9D800E59CE9 /* AsyncImageView.swift */,
				B06CD5CD2D3072C300DC4D16 /* StarRatingView.swift */,
				B06CD5CB2D306E1E00DC4D16 /* PlaceholderImageView.swift */,
				B06CD5C32D30672500DC4D16 /* DistanceView.swift */,
				B06CD5C12D3066EB00DC4D16 /* RatingView.swift */,
				B06CD5C52D30675B00DC4D16 /* PoweredByYelpView.swift */,
			);
			path = Shared;
			sourceTree = "<group>";
		};
		B06CD5C72D30686500DC4D16 /* RestaurantList */ = {
			isa = PBXGroup;
			children = (
				B06CD5B82D2FF76300DC4D16 /* RestaurantListView.swift */,
				B0D57DE12D34950A00E59CE9 /* LoadingView.swift */,
				B0D57DDD2D346CDB00E59CE9 /* ListPlaceholderView.swift */,
				B06CD5BE2D30004C00DC4D16 /* RestaurantCellView.swift */,
				B06CD5DF2D3130F800DC4D16 /* SortOptionsPicker.swift */,
			);
			path = RestaurantList;
			sourceTree = "<group>";
		};
		B06CD5C82D30688900DC4D16 /* RestaurantDetail */ = {
			isa = PBXGroup;
			children = (
				B06CD5BA2D2FF8FD00DC4D16 /* RestaurantDetailView.swift */,
				B0D57DDF2D34825700E59CE9 /* DetailListView.swift */,
				B06CD5D12D30A05000DC4D16 /* DetailHeaderView.swift */,
				B06CD5CF2D309A8E00DC4D16 /* DetailCellView.swift */,
			);
			path = RestaurantDetail;
			sourceTree = "<group>";
		};
		B06CD5C92D306C7D00DC4D16 /* UI */ = {
			isa = PBXGroup;
			children = (
				B06CD5442D2C9FCC00DC4D16 /* Views */,
				B06CD5CA2D306CA100DC4D16 /* Styles */,
			);
			path = UI;
			sourceTree = "<group>";
		};
		B06CD5CA2D306CA100DC4D16 /* Styles */ = {
			isa = PBXGroup;
			children = (
				B06CD5D32D30A19A00DC4D16 /* ShapeStyles.swift */,
			);
			path = Styles;
			sourceTree = "<group>";
		};
		B06CD5D92D30B44D00DC4D16 /* Logic */ = {
			isa = PBXGroup;
			children = (
				B06CD5DA2D30B47F00DC4D16 /* ViewModels */,
				B06CD5562D2CA2D200DC4D16 /* Models */,
				B06CD5412D2C9EFD00DC4D16 /* API */,
				B09AE9542D319A40005054C3 /* Helpers */,
			);
			path = Logic;
			sourceTree = "<group>";
		};
		B06CD5DA2D30B47F00DC4D16 /* ViewModels */ = {
			isa = PBXGroup;
			children = (
				B0D57DCD2D31EB8100E59CE9 /* ImageCache.swift */,
				B06CD5DB2D30BC3100DC4D16 /* LocationManager.swift */,
				B06CD5A52D2FF37600DC4D16 /* Router.swift */,
				B06CD59D2D2D71E600DC4D16 /* RestaurantsViewModel.swift */,
			);
			path = ViewModels;
			sourceTree = "<group>";
		};
		B09AE9542D319A40005054C3 /* Helpers */ = {
			isa = PBXGroup;
			children = (
				B0D57DB12D31CCBB00E59CE9 /* PrintOverride.swift */,
				B09AE9552D319A6A005054C3 /* DoubleExtension.swift */,
			);
			path = Helpers;
			sourceTree = "<group>";
		};
/* End PBXGroup section */

/* Begin PBXNativeTarget section */
		B06CD5092D2C9E6F00DC4D16 /* FeedMe */ = {
			isa = PBXNativeTarget;
			buildConfigurationList = B06CD52E2D2C9E7200DC4D16 /* Build configuration list for PBXNativeTarget "FeedMe" */;
			buildPhases = (
				B06CD5062D2C9E6F00DC4D16 /* Sources */,
				B06CD5072D2C9E6F00DC4D16 /* Frameworks */,
				B06CD5082D2C9E6F00DC4D16 /* Resources */,
			);
			buildRules = (
			);
			dependencies = (
			);
			name = FeedMe;
			packageProductDependencies = (
			);
			productName = FeedMe;
			productReference = B06CD50A2D2C9E6F00DC4D16 /* FeedMe.app */;
			productType = "com.apple.product-type.application";
		};
		B06CD5192D2C9E7200DC4D16 /* FeedMeTests */ = {
			isa = PBXNativeTarget;
			buildConfigurationList = B06CD5312D2C9E7200DC4D16 /* Build configuration list for PBXNativeTarget "FeedMeTests" */;
			buildPhases = (
				B06CD5162D2C9E7200DC4D16 /* Sources */,
				B06CD5172D2C9E7200DC4D16 /* Frameworks */,
				B06CD5182D2C9E7200DC4D16 /* Resources */,
			);
			buildRules = (
			);
			dependencies = (
				B06CD51C2D2C9E7200DC4D16 /* PBXTargetDependency */,
			);
			fileSystemSynchronizedGroups = (
				B06CD51D2D2C9E7200DC4D16 /* FeedMeTests */,
			);
			name = FeedMeTests;
			packageProductDependencies = (
			);
			productName = FeedMeTests;
			productReference = B06CD51A2D2C9E7200DC4D16 /* FeedMeTests.xctest */;
			productType = "com.apple.product-type.bundle.unit-test";
		};
/* End PBXNativeTarget section */

/* Begin PBXProject section */
		B06CD5022D2C9E6F00DC4D16 /* Project object */ = {
			isa = PBXProject;
			attributes = {
				BuildIndependentTargetsInParallel = 1;
				LastSwiftUpdateCheck = 1620;
				LastUpgradeCheck = 1620;
				TargetAttributes = {
					B06CD5092D2C9E6F00DC4D16 = {
						CreatedOnToolsVersion = 16.2;
					};
					B06CD5192D2C9E7200DC4D16 = {
						CreatedOnToolsVersion = 16.2;
						TestTargetID = B06CD5092D2C9E6F00DC4D16;
					};
				};
			};
			buildConfigurationList = B06CD5052D2C9E6F00DC4D16 /* Build configuration list for PBXProject "FeedMe" */;
			developmentRegion = en;
			hasScannedForEncodings = 0;
			knownRegions = (
				en,
				Base,
				"es-419",
			);
			mainGroup = B06CD5012D2C9E6F00DC4D16;
			minimizedProjectReferenceProxies = 1;
			preferredProjectObjectVersion = 77;
			productRefGroup = B06CD50B2D2C9E6F00DC4D16 /* Products */;
			projectDirPath = "";
			projectRoot = "";
			targets = (
				B06CD5092D2C9E6F00DC4D16 /* FeedMe */,
				B06CD5192D2C9E7200DC4D16 /* FeedMeTests */,
			);
		};
/* End PBXProject section */

/* Begin PBXResourcesBuildPhase section */
		B06CD5082D2C9E6F00DC4D16 /* Resources */ = {
			isa = PBXResourcesBuildPhase;
			buildActionMask = 2147483647;
			files = (
				B06CD53F2D2C9EE600DC4D16 /* Preview Assets.xcassets in Resources */,
				B06CD5402D2C9EE600DC4D16 /* Assets.xcassets in Resources */,
				B06CD5E22D315D3A00DC4D16 /* Localizable.xcstrings in Resources */,
				B06CD5892D2CD59200DC4D16 /* BusinessSearchMock.json in Resources */,
			);
			runOnlyForDeploymentPostprocessing = 0;
		};
		B06CD5182D2C9E7200DC4D16 /* Resources */ = {
			isa = PBXResourcesBuildPhase;
			buildActionMask = 2147483647;
			files = (
			);
			runOnlyForDeploymentPostprocessing = 0;
		};
/* End PBXResourcesBuildPhase section */

/* Begin PBXSourcesBuildPhase section */
		B06CD5062D2C9E6F00DC4D16 /* Sources */ = {
			isa = PBXSourcesBuildPhase;
			buildActionMask = 2147483647;
			files = (
				B0D57DCE2D31EB8900E59CE9 /* ImageCache.swift in Sources */,
				B06CD5D42D30A1A800DC4D16 /* ShapeStyles.swift in Sources */,
				B06CD59E2D2D725000DC4D16 /* RestaurantsViewModel.swift in Sources */,
				B06CD5E02D31310300DC4D16 /* SortOptionsPicker.swift in Sources */,
				B06CD5B92D2FF77500DC4D16 /* RestaurantListView.swift in Sources */,
				B06CD5432D2C9F9100DC4D16 /* YelpAPI.swift in Sources */,
				B06CD5582D2CA3A600DC4D16 /* Business.swift in Sources */,
				B06CD5932D2CDF6100DC4D16 /* BusinessHours.swift in Sources */,
				B0D57DB42D31CD2200E59CE9 /* Decoder.swift in Sources */,
				B06CD58B2D2CDAB300DC4D16 /* BusinessSearchResponse.swift in Sources */,
				B0D57DE22D34950A00E59CE9 /* LoadingView.swift in Sources */,
				B06CD5C22D3066F500DC4D16 /* RatingView.swift in Sources */,
				B0D57DDA2D34393600E59CE9 /* SearchField.swift in Sources */,
				B06CD5762D2CCBC400DC4D16 /* YelpMockAPI.swift in Sources */,
				B06CD5C42D30672A00DC4D16 /* DistanceView.swift in Sources */,
				B0D57DD02D31F9DF00E59CE9 /* AsyncImageView.swift in Sources */,
				B06CD5CE2D3072D500DC4D16 /* StarRatingView.swift in Sources */,
				B0D57DDE2D346D0400E59CE9 /* ListPlaceholderView.swift in Sources */,
				B0D57DE02D34825700E59CE9 /* DetailListView.swift in Sources */,
				B06CD5952D2CDF7E00DC4D16 /* OpenHours.swift in Sources */,
				B06CD5DC2D30BC3D00DC4D16 /* LocationManager.swift in Sources */,
				B06CD5742D2CCB7400DC4D16 /* YelpDataProvider.swift in Sources */,
				B06CD5A62D2FF37C00DC4D16 /* Router.swift in Sources */,
				B06CD5972D2CDFB300DC4D16 /* Attributes.swift in Sources */,
				B06CD5D02D309A9600DC4D16 /* DetailCellView.swift in Sources */,
				B06CD53D2D2C9EE600DC4D16 /* ContentView.swift in Sources */,
				B06CD5C62D30677600DC4D16 /* PoweredByYelpView.swift in Sources */,
				B09AE9562D319A77005054C3 /* DoubleExtension.swift in Sources */,
				B0D57DDC2D346BB200E59CE9 /* SectionHeader.swift in Sources */,
				B06CD5912D2CDF0700DC4D16 /* Location.swift in Sources */,
				B06CD58F2D2CDECE00DC4D16 /* Coordinates.swift in Sources */,
				B06CD5BB2D2FF90C00DC4D16 /* RestaurantDetailView.swift in Sources */,
				B06CD5992D2CE1BB00DC4D16 /* Region.swift in Sources */,
				B06CD53E2D2C9EE600DC4D16 /* FeedMeApp.swift in Sources */,
				B0D57DB22D31CCC400E59CE9 /* PrintOverride.swift in Sources */,
				B06CD58D2D2CDE9700DC4D16 /* Category.swift in Sources */,
				B06CD5CC2D306E2B00DC4D16 /* PlaceholderImageView.swift in Sources */,
				B06CD5BF2D30005700DC4D16 /* RestaurantCellView.swift in Sources */,
				B06CD5D22D30A05A00DC4D16 /* DetailHeaderView.swift in Sources */,
			);
			runOnlyForDeploymentPostprocessing = 0;
		};
		B06CD5162D2C9E7200DC4D16 /* Sources */ = {
			isa = PBXSourcesBuildPhase;
			buildActionMask = 2147483647;
			files = (
			);
			runOnlyForDeploymentPostprocessing = 0;
		};
/* End PBXSourcesBuildPhase section */

/* Begin PBXTargetDependency section */
		B06CD51C2D2C9E7200DC4D16 /* PBXTargetDependency */ = {
			isa = PBXTargetDependency;
			target = B06CD5092D2C9E6F00DC4D16 /* FeedMe */;
			targetProxy = B06CD51B2D2C9E7200DC4D16 /* PBXContainerItemProxy */;
		};
/* End PBXTargetDependency section */

/* Begin XCBuildConfiguration section */
		B06CD52C2D2C9E7200DC4D16 /* Debug */ = {
			isa = XCBuildConfiguration;
			buildSettings = {
				ALWAYS_SEARCH_USER_PATHS = NO;
				ASSETCATALOG_COMPILER_GENERATE_SWIFT_ASSET_SYMBOL_EXTENSIONS = YES;
				CLANG_ANALYZER_NONNULL = YES;
				CLANG_ANALYZER_NUMBER_OBJECT_CONVERSION = YES_AGGRESSIVE;
				CLANG_CXX_LANGUAGE_STANDARD = "gnu++20";
				CLANG_ENABLE_MODULES = YES;
				CLANG_ENABLE_OBJC_ARC = YES;
				CLANG_ENABLE_OBJC_WEAK = YES;
				CLANG_WARN_BLOCK_CAPTURE_AUTORELEASING = YES;
				CLANG_WARN_BOOL_CONVERSION = YES;
				CLANG_WARN_COMMA = YES;
				CLANG_WARN_CONSTANT_CONVERSION = YES;
				CLANG_WARN_DEPRECATED_OBJC_IMPLEMENTATIONS = YES;
				CLANG_WARN_DIRECT_OBJC_ISA_USAGE = YES_ERROR;
				CLANG_WARN_DOCUMENTATION_COMMENTS = YES;
				CLANG_WARN_EMPTY_BODY = YES;
				CLANG_WARN_ENUM_CONVERSION = YES;
				CLANG_WARN_INFINITE_RECURSION = YES;
				CLANG_WARN_INT_CONVERSION = YES;
				CLANG_WARN_NON_LITERAL_NULL_CONVERSION = YES;
				CLANG_WARN_OBJC_IMPLICIT_RETAIN_SELF = YES;
				CLANG_WARN_OBJC_LITERAL_CONVERSION = YES;
				CLANG_WARN_OBJC_ROOT_CLASS = YES_ERROR;
				CLANG_WARN_QUOTED_INCLUDE_IN_FRAMEWORK_HEADER = YES;
				CLANG_WARN_RANGE_LOOP_ANALYSIS = YES;
				CLANG_WARN_STRICT_PROTOTYPES = YES;
				CLANG_WARN_SUSPICIOUS_MOVE = YES;
				CLANG_WARN_UNGUARDED_AVAILABILITY = YES_AGGRESSIVE;
				CLANG_WARN_UNREACHABLE_CODE = YES;
				CLANG_WARN__DUPLICATE_METHOD_MATCH = YES;
				COPY_PHASE_STRIP = NO;
				DEBUG_INFORMATION_FORMAT = dwarf;
				ENABLE_STRICT_OBJC_MSGSEND = YES;
				ENABLE_TESTABILITY = YES;
				ENABLE_USER_SCRIPT_SANDBOXING = YES;
				GCC_C_LANGUAGE_STANDARD = gnu17;
				GCC_DYNAMIC_NO_PIC = NO;
				GCC_NO_COMMON_BLOCKS = YES;
				GCC_OPTIMIZATION_LEVEL = 0;
				GCC_PREPROCESSOR_DEFINITIONS = (
					"DEBUG=1",
					"$(inherited)",
				);
				GCC_WARN_64_TO_32_BIT_CONVERSION = YES;
				GCC_WARN_ABOUT_RETURN_TYPE = YES_ERROR;
				GCC_WARN_UNDECLARED_SELECTOR = YES;
				GCC_WARN_UNINITIALIZED_AUTOS = YES_AGGRESSIVE;
				GCC_WARN_UNUSED_FUNCTION = YES;
				GCC_WARN_UNUSED_VARIABLE = YES;
				IPHONEOS_DEPLOYMENT_TARGET = 18.2;
				LOCALIZATION_PREFERS_STRING_CATALOGS = YES;
				MTL_ENABLE_DEBUG_INFO = INCLUDE_SOURCE;
				MTL_FAST_MATH = YES;
				ONLY_ACTIVE_ARCH = YES;
				SDKROOT = iphoneos;
				SWIFT_ACTIVE_COMPILATION_CONDITIONS = "DEBUG $(inherited)";
				SWIFT_EMIT_LOC_STRINGS = YES;
				SWIFT_OPTIMIZATION_LEVEL = "-Onone";
			};
			name = Debug;
		};
		B06CD52D2D2C9E7200DC4D16 /* Release */ = {
			isa = XCBuildConfiguration;
			buildSettings = {
				ALWAYS_SEARCH_USER_PATHS = NO;
				ASSETCATALOG_COMPILER_GENERATE_SWIFT_ASSET_SYMBOL_EXTENSIONS = YES;
				CLANG_ANALYZER_NONNULL = YES;
				CLANG_ANALYZER_NUMBER_OBJECT_CONVERSION = YES_AGGRESSIVE;
				CLANG_CXX_LANGUAGE_STANDARD = "gnu++20";
				CLANG_ENABLE_MODULES = YES;
				CLANG_ENABLE_OBJC_ARC = YES;
				CLANG_ENABLE_OBJC_WEAK = YES;
				CLANG_WARN_BLOCK_CAPTURE_AUTORELEASING = YES;
				CLANG_WARN_BOOL_CONVERSION = YES;
				CLANG_WARN_COMMA = YES;
				CLANG_WARN_CONSTANT_CONVERSION = YES;
				CLANG_WARN_DEPRECATED_OBJC_IMPLEMENTATIONS = YES;
				CLANG_WARN_DIRECT_OBJC_ISA_USAGE = YES_ERROR;
				CLANG_WARN_DOCUMENTATION_COMMENTS = YES;
				CLANG_WARN_EMPTY_BODY = YES;
				CLANG_WARN_ENUM_CONVERSION = YES;
				CLANG_WARN_INFINITE_RECURSION = YES;
				CLANG_WARN_INT_CONVERSION = YES;
				CLANG_WARN_NON_LITERAL_NULL_CONVERSION = YES;
				CLANG_WARN_OBJC_IMPLICIT_RETAIN_SELF = YES;
				CLANG_WARN_OBJC_LITERAL_CONVERSION = YES;
				CLANG_WARN_OBJC_ROOT_CLASS = YES_ERROR;
				CLANG_WARN_QUOTED_INCLUDE_IN_FRAMEWORK_HEADER = YES;
				CLANG_WARN_RANGE_LOOP_ANALYSIS = YES;
				CLANG_WARN_STRICT_PROTOTYPES = YES;
				CLANG_WARN_SUSPICIOUS_MOVE = YES;
				CLANG_WARN_UNGUARDED_AVAILABILITY = YES_AGGRESSIVE;
				CLANG_WARN_UNREACHABLE_CODE = YES;
				CLANG_WARN__DUPLICATE_METHOD_MATCH = YES;
				COPY_PHASE_STRIP = NO;
				DEBUG_INFORMATION_FORMAT = "dwarf-with-dsym";
				ENABLE_NS_ASSERTIONS = NO;
				ENABLE_STRICT_OBJC_MSGSEND = YES;
				ENABLE_USER_SCRIPT_SANDBOXING = YES;
				GCC_C_LANGUAGE_STANDARD = gnu17;
				GCC_NO_COMMON_BLOCKS = YES;
				GCC_WARN_64_TO_32_BIT_CONVERSION = YES;
				GCC_WARN_ABOUT_RETURN_TYPE = YES_ERROR;
				GCC_WARN_UNDECLARED_SELECTOR = YES;
				GCC_WARN_UNINITIALIZED_AUTOS = YES_AGGRESSIVE;
				GCC_WARN_UNUSED_FUNCTION = YES;
				GCC_WARN_UNUSED_VARIABLE = YES;
				IPHONEOS_DEPLOYMENT_TARGET = 18.2;
				LOCALIZATION_PREFERS_STRING_CATALOGS = YES;
				MTL_ENABLE_DEBUG_INFO = NO;
				MTL_FAST_MATH = YES;
				SDKROOT = iphoneos;
				SWIFT_COMPILATION_MODE = wholemodule;
				SWIFT_EMIT_LOC_STRINGS = YES;
				VALIDATE_PRODUCT = YES;
			};
			name = Release;
		};
		B06CD52F2D2C9E7200DC4D16 /* Debug */ = {
			isa = XCBuildConfiguration;
			buildSettings = {
				ASSETCATALOG_COMPILER_APPICON_NAME = AppIcon;
				ASSETCATALOG_COMPILER_GLOBAL_ACCENT_COLOR_NAME = AccentColor;
				CODE_SIGN_STYLE = Automatic;
				CURRENT_PROJECT_VERSION = 1;
				DEVELOPMENT_ASSET_PATHS = "\"FeedMe/Preview Content\"";
				DEVELOPMENT_TEAM = "";
				ENABLE_PREVIEWS = YES;
				GENERATE_INFOPLIST_FILE = YES;
				INFOPLIST_KEY_NSLocationWhenInUseUsageDescription = "Needed to find restaurants near you";
				INFOPLIST_KEY_UIApplicationSceneManifest_Generation = YES;
				INFOPLIST_KEY_UIApplicationSupportsIndirectInputEvents = YES;
				INFOPLIST_KEY_UILaunchScreen_Generation = YES;
				INFOPLIST_KEY_UISupportedInterfaceOrientations_iPad = "UIInterfaceOrientationPortrait UIInterfaceOrientationPortraitUpsideDown UIInterfaceOrientationLandscapeLeft UIInterfaceOrientationLandscapeRight";
				INFOPLIST_KEY_UISupportedInterfaceOrientations_iPhone = "UIInterfaceOrientationPortrait UIInterfaceOrientationLandscapeLeft UIInterfaceOrientationLandscapeRight";
				LD_RUNPATH_SEARCH_PATHS = (
					"$(inherited)",
					"@executable_path/Frameworks",
				);
				MARKETING_VERSION = 1.0;
				PRODUCT_BUNDLE_IDENTIFIER = com.orangedriver.FeedMe;
				PRODUCT_NAME = "$(TARGET_NAME)";
				SWIFT_EMIT_LOC_STRINGS = YES;
				SWIFT_VERSION = 5.0;
				TARGETED_DEVICE_FAMILY = "1,2";
			};
			name = Debug;
		};
		B06CD5302D2C9E7200DC4D16 /* Release */ = {
			isa = XCBuildConfiguration;
			buildSettings = {
				ASSETCATALOG_COMPILER_APPICON_NAME = AppIcon;
				ASSETCATALOG_COMPILER_GLOBAL_ACCENT_COLOR_NAME = AccentColor;
				CODE_SIGN_STYLE = Automatic;
				CURRENT_PROJECT_VERSION = 1;
				DEVELOPMENT_ASSET_PATHS = "\"FeedMe/Preview Content\"";
				DEVELOPMENT_TEAM = "";
				ENABLE_PREVIEWS = YES;
				GENERATE_INFOPLIST_FILE = YES;
				INFOPLIST_KEY_NSLocationWhenInUseUsageDescription = "Needed to find restaurants near you";
				INFOPLIST_KEY_UIApplicationSceneManifest_Generation = YES;
				INFOPLIST_KEY_UIApplicationSupportsIndirectInputEvents = YES;
				INFOPLIST_KEY_UILaunchScreen_Generation = YES;
				INFOPLIST_KEY_UISupportedInterfaceOrientations_iPad = "UIInterfaceOrientationPortrait UIInterfaceOrientationPortraitUpsideDown UIInterfaceOrientationLandscapeLeft UIInterfaceOrientationLandscapeRight";
				INFOPLIST_KEY_UISupportedInterfaceOrientations_iPhone = "UIInterfaceOrientationPortrait UIInterfaceOrientationLandscapeLeft UIInterfaceOrientationLandscapeRight";
				LD_RUNPATH_SEARCH_PATHS = (
					"$(inherited)",
					"@executable_path/Frameworks",
				);
				MARKETING_VERSION = 1.0;
				PRODUCT_BUNDLE_IDENTIFIER = com.orangedriver.FeedMe;
				PRODUCT_NAME = "$(TARGET_NAME)";
				SWIFT_EMIT_LOC_STRINGS = YES;
				SWIFT_VERSION = 5.0;
				TARGETED_DEVICE_FAMILY = "1,2";
			};
			name = Release;
		};
		B06CD5322D2C9E7200DC4D16 /* Debug */ = {
			isa = XCBuildConfiguration;
			buildSettings = {
				BUNDLE_LOADER = "$(TEST_HOST)";
				CODE_SIGN_STYLE = Automatic;
				CURRENT_PROJECT_VERSION = 1;
				GENERATE_INFOPLIST_FILE = YES;
				IPHONEOS_DEPLOYMENT_TARGET = 18.2;
				MARKETING_VERSION = 1.0;
				PRODUCT_BUNDLE_IDENTIFIER = com.orangedriver.FeedMeTests;
				PRODUCT_NAME = "$(TARGET_NAME)";
				SWIFT_EMIT_LOC_STRINGS = NO;
				SWIFT_VERSION = 5.0;
				TARGETED_DEVICE_FAMILY = "1,2";
				TEST_HOST = "$(BUILT_PRODUCTS_DIR)/FeedMe.app/$(BUNDLE_EXECUTABLE_FOLDER_PATH)/FeedMe";
			};
			name = Debug;
		};
		B06CD5332D2C9E7200DC4D16 /* Release */ = {
			isa = XCBuildConfiguration;
			buildSettings = {
				BUNDLE_LOADER = "$(TEST_HOST)";
				CODE_SIGN_STYLE = Automatic;
				CURRENT_PROJECT_VERSION = 1;
				GENERATE_INFOPLIST_FILE = YES;
				IPHONEOS_DEPLOYMENT_TARGET = 18.2;
				MARKETING_VERSION = 1.0;
				PRODUCT_BUNDLE_IDENTIFIER = com.orangedriver.FeedMeTests;
				PRODUCT_NAME = "$(TARGET_NAME)";
				SWIFT_EMIT_LOC_STRINGS = NO;
				SWIFT_VERSION = 5.0;
				TARGETED_DEVICE_FAMILY = "1,2";
				TEST_HOST = "$(BUILT_PRODUCTS_DIR)/FeedMe.app/$(BUNDLE_EXECUTABLE_FOLDER_PATH)/FeedMe";
			};
			name = Release;
		};
/* End XCBuildConfiguration section */

/* Begin XCConfigurationList section */
		B06CD5052D2C9E6F00DC4D16 /* Build configuration list for PBXProject "FeedMe" */ = {
			isa = XCConfigurationList;
			buildConfigurations = (
				B06CD52C2D2C9E7200DC4D16 /* Debug */,
				B06CD52D2D2C9E7200DC4D16 /* Release */,
			);
			defaultConfigurationIsVisible = 0;
			defaultConfigurationName = Release;
		};
		B06CD52E2D2C9E7200DC4D16 /* Build configuration list for PBXNativeTarget "FeedMe" */ = {
			isa = XCConfigurationList;
			buildConfigurations = (
				B06CD52F2D2C9E7200DC4D16 /* Debug */,
				B06CD5302D2C9E7200DC4D16 /* Release */,
			);
			defaultConfigurationIsVisible = 0;
			defaultConfigurationName = Release;
		};
		B06CD5312D2C9E7200DC4D16 /* Build configuration list for PBXNativeTarget "FeedMeTests" */ = {
			isa = XCConfigurationList;
			buildConfigurations = (
				B06CD5322D2C9E7200DC4D16 /* Debug */,
				B06CD5332D2C9E7200DC4D16 /* Release */,
			);
			defaultConfigurationIsVisible = 0;
			defaultConfigurationName = Release;
		};
/* End XCConfigurationList section */
	};
	rootObject = B06CD5022D2C9E6F00DC4D16 /* Project object */;
}
